
Microsoft Visual Studio Solution File, Format Version 11.0
# Visual Studio 2010
Project("{FAE04EC0-301F-11D3-BF4B-00C04F79EFBC}") = "UnityVS.New Unity Project 7 - 副本 - 副本.CSharp", "UnityVS.New Unity Project 7 - 副本 - 副本.CSharp.csproj", "{3BE97292-F336-ED11-4641-6558C400C975}"
EndProject
Project("{FAE04EC0-301F-11D3-BF4B-00C04F79EFBC}") = "UnityVS.New Unity Project 7 - 副本 - 副本.CSharp.Plugins", "UnityVS.New Unity Project 7 - 副本 - 副本.CSharp.Plugins.csproj", "{D08490C2-D7FD-E21B-FC3E-9C50A2A121F0}"
EndProject
Global
	GlobalSection(SolutionConfigurationPlatforms) = preSolution
		Debug|Any CPU = Debug|Any CPU
		Release|Any CPU = Release|Any CPU
	EndGlobalSection
	GlobalSection(ProjectConfigurationPlatforms) = postSolution
		{3BE97292-F336-ED11-4641-6558C400C975}.Debug|Any CPU.ActiveCfg = Debug|Any CPU
		{3BE97292-F336-ED11-4641-6558C400C975}.Debug|Any CPU.Build.0 = Debug|Any CPU
		{3BE97292-F336-ED11-4641-6558C400C975}.Release|Any CPU.ActiveCfg = Release|Any CPU
		{3BE97292-F336-ED11-4641-6558C400C975}.Release|Any CPU.Build.0 = Release|Any CPU
		{D08490C2-D7FD-E21B-FC3E-9C50A2A121F0}.Debug|Any CPU.ActiveCfg = Debug|Any CPU
		{D08490C2-D7FD-E21B-FC3E-9C50A2A121F0}.Debug|Any CPU.Build.0 = Debug|Any CPU
		{D08490C2-D7FD-E21B-FC3E-9C50A2A121F0}.Release|Any CPU.ActiveCfg = Release|Any CPU
		{D08490C2-D7FD-E21B-FC3E-9C50A2A121F0}.Release|Any CPU.Build.0 = Release|Any CPU
	EndGlobalSection
	GlobalSection(SolutionProperties) = preSolution
		HideSolutionNode = FALSE
	EndGlobalSection
EndGlobal
